
Microsoft Visual Studio Solution File, Format Version 12.00
# Visual Studio 14
VisualStudioVersion = 14.0.22823.1
MinimumVisualStudioVersion = 10.0.40219.1
Project("{FAE04EC0-301F-11D3-BF4B-00C04F79EFBC}") = "XSTest", "XSTest\XSTest.csproj", "{684FDC4D-4031-4E21-BC19-F66EBE304319}"
EndProject
Project("{8BC9CEB8-8B4A-11D0-8D11-00A0C91BC942}") = "XSRT", "XSRT\XSRT.vcxproj", "{41C3A8DC-B669-40C9-A4E3-D48F36016668}"
EndProject
Global
	GlobalSection(SolutionConfigurationPlatforms) = preSolution
		Debug|ARM = Debug|ARM
		Debug|x64 = Debug|x64
		Debug|x86 = Debug|x86
		Release|ARM = Release|ARM
		Release|x64 = Release|x64
		Release|x86 = Release|x86
	EndGlobalSection
	GlobalSection(ProjectConfigurationPlatforms) = postSolution
		{684FDC4D-4031-4E21-BC19-F66EBE304319}.Debug|ARM.ActiveCfg = Debug|ARM
		{684FDC4D-4031-4E21-BC19-F66EBE304319}.Debug|ARM.Build.0 = Debug|ARM
		{684FDC4D-4031-4E21-BC19-F66EBE304319}.Debug|ARM.Deploy.0 = Debug|ARM
		{684FDC4D-4031-4E21-BC19-F66EBE304319}.Debug|x64.ActiveCfg = Debug|x64
		{684FDC4D-4031-4E21-BC19-F66EBE304319}.Debug|x64.Build.0 = Debug|x64
		{684FDC4D-4031-4E21-BC19-F66EBE304319}.Debug|x64.Deploy.0 = Debug|x64
		{684FDC4D-4031-4E21-BC19-F66EBE304319}.Debug|x86.ActiveCfg = Debug|x86
		{684FDC4D-4031-4E21-BC19-F66EBE304319}.Debug|x86.Build.0 = Debug|x86
		{684FDC4D-4031-4E21-BC19-F66EBE304319}.Debug|x86.Deploy.0 = Debug|x86
		{684FDC4D-4031-4E21-BC19-F66EBE304319}.Release|ARM.ActiveCfg = Release|ARM
		{684FDC4D-4031-4E21-BC19-F66EBE304319}.Release|ARM.Build.0 = Release|ARM
		{684FDC4D-4031-4E21-BC19-F66EBE304319}.Release|ARM.Deploy.0 = Release|ARM
		{684FDC4D-4031-4E21-BC19-F66EBE304319}.Release|x64.ActiveCfg = Release|x64
		{684FDC4D-4031-4E21-BC19-F66EBE304319}.Release|x64.Build.0 = Release|x64
		{684FDC4D-4031-4E21-BC19-F66EBE304319}.Release|x64.Deploy.0 = Release|x64
		{684FDC4D-4031-4E21-BC19-F66EBE304319}.Release|x86.ActiveCfg = Release|x86
		{684FDC4D-4031-4E21-BC19-F66EBE304319}.Release|x86.Build.0 = Release|x86
		{684FDC4D-4031-4E21-BC19-F66EBE304319}.Release|x86.Deploy.0 = Release|x86
		{41C3A8DC-B669-40C9-A4E3-D48F36016668}.Debug|ARM.ActiveCfg = Debug|ARM
		{41C3A8DC-B669-40C9-A4E3-D48F36016668}.Debug|ARM.Build.0 = Debug|ARM
		{41C3A8DC-B669-40C9-A4E3-D48F36016668}.Debug|x64.ActiveCfg = Debug|x64
		{41C3A8DC-B669-40C9-A4E3-D48F36016668}.Debug|x64.Build.0 = Debug|x64
		{41C3A8DC-B669-40C9-A4E3-D48F36016668}.Debug|x86.ActiveCfg = Debug|Win32
		{41C3A8DC-B669-40C9-A4E3-D48F36016668}.Debug|x86.Build.0 = Debug|Win32
		{41C3A8DC-B669-40C9-A4E3-D48F36016668}.Release|ARM.ActiveCfg = Release|ARM
		{41C3A8DC-B669-40C9-A4E3-D48F36016668}.Release|ARM.Build.0 = Release|ARM
		{41C3A8DC-B669-40C9-A4E3-D48F36016668}.Release|x64.ActiveCfg = Release|x64
		{41C3A8DC-B669-40C9-A4E3-D48F36016668}.Release|x64.Build.0 = Release|x64
		{41C3A8DC-B669-40C9-A4E3-D48F36016668}.Release|x86.ActiveCfg = Release|Win32
		{41C3A8DC-B669-40C9-A4E3-D48F36016668}.Release|x86.Build.0 = Release|Win32
	EndGlobalSection
	GlobalSection(SolutionProperties) = preSolution
		HideSolutionNode = FALSE
	EndGlobalSection
EndGlobal
